
Microsoft Visual Studio Solution File, Format Version 12.00
# Visual Studio Version 16
VisualStudioVersion = 16.0.30907.101
MinimumVisualStudioVersion = 10.0.40219.1
Project("{FAE04EC0-301F-11D3-BF4B-00C04F79EFBC}") = "AgendaApp1", "AgendaApp1\AgendaApp1.csproj", "{EE0518DC-0061-4A32-A9BE-E63E41310021}"
EndProject
Global
	GlobalSection(SolutionConfigurationPlatforms) = preSolution
		Debug|Any CPU = Debug|Any CPU
		Release|Any CPU = Release|Any CPU
	EndGlobalSection
	GlobalSection(ProjectConfigurationPlatforms) = postSolution
		{EE0518DC-0061-4A32-A9BE-E63E41310021}.Debug|Any CPU.ActiveCfg = Debug|Any CPU
		{EE0518DC-0061-4A32-A9BE-E63E41310021}.Debug|Any CPU.Build.0 = Debug|Any CPU
		{EE0518DC-0061-4A32-A9BE-E63E41310021}.Release|Any CPU.ActiveCfg = Release|Any CPU
		{EE0518DC-0061-4A32-A9BE-E63E41310021}.Release|Any CPU.Build.0 = Release|Any CPU
	EndGlobalSection
	GlobalSection(SolutionProperties) = preSolution
		HideSolutionNode = FALSE
	EndGlobalSection
	GlobalSection(ExtensibilityGlobals) = postSolution
		SolutionGuid = {429DF8F6-7EAE-462C-A4EB-8BC29EA559D6}
	EndGlobalSection
EndGlobal
